// !$*UTF8*$!
{
	archiveVersion = 1;
	classes = {
	};
	objectVersion = 56;
	objects = {

/* Begin PBXBuildFile section */
		B34F0ED12B7411F70014DEE3 /* SwiftyHueMatchApp.swift in Sources */ = {isa = PBXBuildFile; fileRef = B34F0ED02B7411F70014DEE3 /* SwiftyHueMatchApp.swift */; };
		B34F0ED52B7411F80014DEE3 /* Assets.xcassets in Resources */ = {isa = PBXBuildFile; fileRef = B34F0ED42B7411F80014DEE3 /* Assets.xcassets */; };
		B34F0ED82B7411F80014DEE3 /* Preview Assets.xcassets in Resources */ = {isa = PBXBuildFile; fileRef = B34F0ED72B7411F80014DEE3 /* Preview Assets.xcassets */; };
		B34F0EE22B7411F90014DEE3 /* SwiftyHueMatchTests.swift in Sources */ = {isa = PBXBuildFile; fileRef = B34F0EE12B7411F90014DEE3 /* SwiftyHueMatchTests.swift */; };
		B34F0EEC2B7411F90014DEE3 /* SwiftyHueMatchUITests.swift in Sources */ = {isa = PBXBuildFile; fileRef = B34F0EEB2B7411F90014DEE3 /* SwiftyHueMatchUITests.swift */; };
		B34F0EEE2B7411F90014DEE3 /* SwiftyHueMatchUITestsLaunchTests.swift in Sources */ = {isa = PBXBuildFile; fileRef = B34F0EED2B7411F90014DEE3 /* SwiftyHueMatchUITestsLaunchTests.swift */; };
		B34F0EFB2B7434D30014DEE3 /* Swatch.swift in Sources */ = {isa = PBXBuildFile; fileRef = B34F0EFA2B7434D30014DEE3 /* Swatch.swift */; };
		B34F0F002B7435B90014DEE3 /* SwatchView.swift in Sources */ = {isa = PBXBuildFile; fileRef = B34F0EFF2B7435B90014DEE3 /* SwatchView.swift */; };
		B34F0F022B7435CF0014DEE3 /* DraggableSwatch.swift in Sources */ = {isa = PBXBuildFile; fileRef = B34F0F012B7435CF0014DEE3 /* DraggableSwatch.swift */; };
		B34F0F042B743C9B0014DEE3 /* SwatchContainer.swift in Sources */ = {isa = PBXBuildFile; fileRef = B34F0F032B743C9B0014DEE3 /* SwatchContainer.swift */; };
		B34F0F072B743D600014DEE3 /* SwatchViewModel.swift in Sources */ = {isa = PBXBuildFile; fileRef = B34F0F062B743D600014DEE3 /* SwatchViewModel.swift */; };
/* End PBXBuildFile section */

/* Begin PBXContainerItemProxy section */
		B34F0EDE2B7411F90014DEE3 /* PBXContainerItemProxy */ = {
			isa = PBXContainerItemProxy;
			containerPortal = B34F0EC52B7411F70014DEE3 /* Project object */;
			proxyType = 1;
			remoteGlobalIDString = B34F0ECC2B7411F70014DEE3;
			remoteInfo = SwiftyHueMatch;
		};
		B34F0EE82B7411F90014DEE3 /* PBXContainerItemProxy */ = {
			isa = PBXContainerItemProxy;
			containerPortal = B34F0EC52B7411F70014DEE3 /* Project object */;
			proxyType = 1;
			remoteGlobalIDString = B34F0ECC2B7411F70014DEE3;
			remoteInfo = SwiftyHueMatch;
		};
/* End PBXContainerItemProxy section */

/* Begin PBXFileReference section */
		B34F0ECD2B7411F70014DEE3 /* SwiftyHueMatch.app */ = {isa = PBXFileReference; explicitFileType = wrapper.application; includeInIndex = 0; path = SwiftyHueMatch.app; sourceTree = BUILT_PRODUCTS_DIR; };
		B34F0ED02B7411F70014DEE3 /* SwiftyHueMatchApp.swift */ = {isa = PBXFileReference; lastKnownFileType = sourcecode.swift; path = SwiftyHueMatchApp.swift; sourceTree = "<group>"; };
		B34F0ED42B7411F80014DEE3 /* Assets.xcassets */ = {isa = PBXFileReference; lastKnownFileType = folder.assetcatalog; path = Assets.xcassets; sourceTree = "<group>"; };
		B34F0ED72B7411F80014DEE3 /* Preview Assets.xcassets */ = {isa = PBXFileReference; lastKnownFileType = folder.assetcatalog; path = "Preview Assets.xcassets"; sourceTree = "<group>"; };
		B34F0EDD2B7411F90014DEE3 /* SwiftyHueMatchTests.xctest */ = {isa = PBXFileReference; explicitFileType = wrapper.cfbundle; includeInIndex = 0; path = SwiftyHueMatchTests.xctest; sourceTree = BUILT_PRODUCTS_DIR; };
		B34F0EE12B7411F90014DEE3 /* SwiftyHueMatchTests.swift */ = {isa = PBXFileReference; lastKnownFileType = sourcecode.swift; path = SwiftyHueMatchTests.swift; sourceTree = "<group>"; };
		B34F0EE72B7411F90014DEE3 /* SwiftyHueMatchUITests.xctest */ = {isa = PBXFileReference; explicitFileType = wrapper.cfbundle; includeInIndex = 0; path = SwiftyHueMatchUITests.xctest; sourceTree = BUILT_PRODUCTS_DIR; };
		B34F0EEB2B7411F90014DEE3 /* SwiftyHueMatchUITests.swift */ = {isa = PBXFileReference; lastKnownFileType = sourcecode.swift; path = SwiftyHueMatchUITests.swift; sourceTree = "<group>"; };
		B34F0EED2B7411F90014DEE3 /* SwiftyHueMatchUITestsLaunchTests.swift */ = {isa = PBXFileReference; lastKnownFileType = sourcecode.swift; path = SwiftyHueMatchUITestsLaunchTests.swift; sourceTree = "<group>"; };
		B34F0EFA2B7434D30014DEE3 /* Swatch.swift */ = {isa = PBXFileReference; lastKnownFileType = sourcecode.swift; path = Swatch.swift; sourceTree = "<group>"; };
		B34F0EFF2B7435B90014DEE3 /* SwatchView.swift */ = {isa = PBXFileReference; lastKnownFileType = sourcecode.swift; path = SwatchView.swift; sourceTree = "<group>"; };
		B34F0F012B7435CF0014DEE3 /* DraggableSwatch.swift */ = {isa = PBXFileReference; lastKnownFileType = sourcecode.swift; path = DraggableSwatch.swift; sourceTree = "<group>"; };
		B34F0F032B743C9B0014DEE3 /* SwatchContainer.swift */ = {isa = PBXFileReference; lastKnownFileType = sourcecode.swift; path = SwatchContainer.swift; sourceTree = "<group>"; };
		B34F0F062B743D600014DEE3 /* SwatchViewModel.swift */ = {isa = PBXFileReference; lastKnownFileType = sourcecode.swift; path = SwatchViewModel.swift; sourceTree = "<group>"; };
/* End PBXFileReference section */

/* Begin PBXFrameworksBuildPhase section */
		B34F0ECA2B7411F70014DEE3 /* Frameworks */ = {
			isa = PBXFrameworksBuildPhase;
			buildActionMask = 2147483647;
			files = (
			);
			runOnlyForDeploymentPostprocessing = 0;
		};
		B34F0EDA2B7411F90014DEE3 /* Frameworks */ = {
			isa = PBXFrameworksBuildPhase;
			buildActionMask = 2147483647;
			files = (
			);
			runOnlyForDeploymentPostprocessing = 0;
		};
		B34F0EE42B7411F90014DEE3 /* Frameworks */ = {
			isa = PBXFrameworksBuildPhase;
			buildActionMask = 2147483647;
			files = (
			);
			runOnlyForDeploymentPostprocessing = 0;
		};
/* End PBXFrameworksBuildPhase section */

/* Begin PBXGroup section */
		B34F0EC42B7411F70014DEE3 = {
			isa = PBXGroup;
			children = (
				B34F0ECF2B7411F70014DEE3 /* SwiftyHueMatch */,
				B34F0EE02B7411F90014DEE3 /* SwiftyHueMatchTests */,
				B34F0EEA2B7411F90014DEE3 /* SwiftyHueMatchUITests */,
				B34F0ECE2B7411F70014DEE3 /* Products */,
			);
			sourceTree = "<group>";
		};
		B34F0ECE2B7411F70014DEE3 /* Products */ = {
			isa = PBXGroup;
			children = (
				B34F0ECD2B7411F70014DEE3 /* SwiftyHueMatch.app */,
				B34F0EDD2B7411F90014DEE3 /* SwiftyHueMatchTests.xctest */,
				B34F0EE72B7411F90014DEE3 /* SwiftyHueMatchUITests.xctest */,
			);
			name = Products;
			sourceTree = "<group>";
		};
		B34F0ECF2B7411F70014DEE3 /* SwiftyHueMatch */ = {
			isa = PBXGroup;
			children = (
				B34F0EFC2B7434DA0014DEE3 /* Models */,
				B34F0F052B743D410014DEE3 /* ViewModel */,
				B34F0F082B7540BF0014DEE3 /* Views */,
				B34F0ED02B7411F70014DEE3 /* SwiftyHueMatchApp.swift */,
				B34F0ED42B7411F80014DEE3 /* Assets.xcassets */,
				B34F0ED62B7411F80014DEE3 /* Preview Content */,
			);
			path = SwiftyHueMatch;
			sourceTree = "<group>";
		};
		B34F0ED62B7411F80014DEE3 /* Preview Content */ = {
			isa = PBXGroup;
			children = (
				B34F0ED72B7411F80014DEE3 /* Preview Assets.xcassets */,
			);
			path = "Preview Content";
			sourceTree = "<group>";
		};
		B34F0EE02B7411F90014DEE3 /* SwiftyHueMatchTests */ = {
			isa = PBXGroup;
			children = (
				B34F0EE12B7411F90014DEE3 /* SwiftyHueMatchTests.swift */,
			);
			path = SwiftyHueMatchTests;
			sourceTree = "<group>";
		};
		B34F0EEA2B7411F90014DEE3 /* SwiftyHueMatchUITests */ = {
			isa = PBXGroup;
			children = (
				B34F0EEB2B7411F90014DEE3 /* SwiftyHueMatchUITests.swift */,
				B34F0EED2B7411F90014DEE3 /* SwiftyHueMatchUITestsLaunchTests.swift */,
			);
			path = SwiftyHueMatchUITests;
			sourceTree = "<group>";
		};
		B34F0EFC2B7434DA0014DEE3 /* Models */ = {
			isa = PBXGroup;
			children = (
				B34F0EFA2B7434D30014DEE3 /* Swatch.swift */,
			);
			path = Models;
			sourceTree = "<group>";
		};
		B34F0F052B743D410014DEE3 /* ViewModel */ = {
			isa = PBXGroup;
			children = (
				B34F0F062B743D600014DEE3 /* SwatchViewModel.swift */,
			);
			path = ViewModel;
			sourceTree = "<group>";
		};
		B34F0F082B7540BF0014DEE3 /* Views */ = {
			isa = PBXGroup;
			children = (
				B34F0EFF2B7435B90014DEE3 /* SwatchView.swift */,
				B34F0F012B7435CF0014DEE3 /* DraggableSwatch.swift */,
				B34F0F032B743C9B0014DEE3 /* SwatchContainer.swift */,
			);
			path = Views;
			sourceTree = "<group>";
		};
/* End PBXGroup section */

/* Begin PBXNativeTarget section */
		B34F0ECC2B7411F70014DEE3 /* SwiftyHueMatch */ = {
			isa = PBXNativeTarget;
			buildConfigurationList = B34F0EF12B7411F90014DEE3 /* Build configuration list for PBXNativeTarget "SwiftyHueMatch" */;
			buildPhases = (
				B34F0EC92B7411F70014DEE3 /* Sources */,
				B34F0ECA2B7411F70014DEE3 /* Frameworks */,
				B34F0ECB2B7411F70014DEE3 /* Resources */,
			);
			buildRules = (
			);
			dependencies = (
			);
			name = SwiftyHueMatch;
			productName = SwiftyHueMatch;
			productReference = B34F0ECD2B7411F70014DEE3 /* SwiftyHueMatch.app */;
			productType = "com.apple.product-type.application";
		};
		B34F0EDC2B7411F90014DEE3 /* SwiftyHueMatchTests */ = {
			isa = PBXNativeTarget;
			buildConfigurationList = B34F0EF42B7411F90014DEE3 /* Build configuration list for PBXNativeTarget "SwiftyHueMatchTests" */;
			buildPhases = (
				B34F0ED92B7411F90014DEE3 /* Sources */,
				B34F0EDA2B7411F90014DEE3 /* Frameworks */,
				B34F0EDB2B7411F90014DEE3 /* Resources */,
			);
			buildRules = (
			);
			dependencies = (
				B34F0EDF2B7411F90014DEE3 /* PBXTargetDependency */,
			);
			name = SwiftyHueMatchTests;
			productName = SwiftyHueMatchTests;
			productReference = B34F0EDD2B7411F90014DEE3 /* SwiftyHueMatchTests.xctest */;
			productType = "com.apple.product-type.bundle.unit-test";
		};
		B34F0EE62B7411F90014DEE3 /* SwiftyHueMatchUITests */ = {
			isa = PBXNativeTarget;
			buildConfigurationList = B34F0EF72B7411F90014DEE3 /* Build configuration list for PBXNativeTarget "SwiftyHueMatchUITests" */;
			buildPhases = (
				B34F0EE32B7411F90014DEE3 /* Sources */,
				B34F0EE42B7411F90014DEE3 /* Frameworks */,
				B34F0EE52B7411F90014DEE3 /* Resources */,
			);
			buildRules = (
			);
			dependencies = (
				B34F0EE92B7411F90014DEE3 /* PBXTargetDependency */,
			);
			name = SwiftyHueMatchUITests;
			productName = SwiftyHueMatchUITests;
			productReference = B34F0EE72B7411F90014DEE3 /* SwiftyHueMatchUITests.xctest */;
			productType = "com.apple.product-type.bundle.ui-testing";
		};
/* End PBXNativeTarget section */

/* Begin PBXProject section */
		B34F0EC52B7411F70014DEE3 /* Project object */ = {
			isa = PBXProject;
			attributes = {
				BuildIndependentTargetsInParallel = 1;
				LastSwiftUpdateCheck = 1520;
				LastUpgradeCheck = 1520;
				TargetAttributes = {
					B34F0ECC2B7411F70014DEE3 = {
						CreatedOnToolsVersion = 15.2;
					};
					B34F0EDC2B7411F90014DEE3 = {
						CreatedOnToolsVersion = 15.2;
						TestTargetID = B34F0ECC2B7411F70014DEE3;
					};
					B34F0EE62B7411F90014DEE3 = {
						CreatedOnToolsVersion = 15.2;
						TestTargetID = B34F0ECC2B7411F70014DEE3;
					};
				};
			};
			buildConfigurationList = B34F0EC82B7411F70014DEE3 /* Build configuration list for PBXProject "SwiftyHueMatch" */;
			compatibilityVersion = "Xcode 14.0";
			developmentRegion = en;
			hasScannedForEncodings = 0;
			knownRegions = (
				en,
				Base,
			);
			mainGroup = B34F0EC42B7411F70014DEE3;
			productRefGroup = B34F0ECE2B7411F70014DEE3 /* Products */;
			projectDirPath = "";
			projectRoot = "";
			targets = (
				B34F0ECC2B7411F70014DEE3 /* SwiftyHueMatch */,
				B34F0EDC2B7411F90014DEE3 /* SwiftyHueMatchTests */,
				B34F0EE62B7411F90014DEE3 /* SwiftyHueMatchUITests */,
			);
		};
/* End PBXProject section */

/* Begin PBXResourcesBuildPhase section */
		B34F0ECB2B7411F70014DEE3 /* Resources */ = {
			isa = PBXResourcesBuildPhase;
			buildActionMask = 2147483647;
			files = (
				B34F0ED82B7411F80014DEE3 /* Preview Assets.xcassets in Resources */,
				B34F0ED52B7411F80014DEE3 /* Assets.xcassets in Resources */,
			);
			runOnlyForDeploymentPostprocessing = 0;
		};
		B34F0EDB2B7411F90014DEE3 /* Resources */ = {
			isa = PBXResourcesBuildPhase;
			buildActionMask = 2147483647;
			files = (
			);
			runOnlyForDeploymentPostprocessing = 0;
		};
		B34F0EE52B7411F90014DEE3 /* Resources */ = {
			isa = PBXResourcesBuildPhase;
			buildActionMask = 2147483647;
			files = (
			);
			runOnlyForDeploymentPostprocessing = 0;
		};
/* End PBXResourcesBuildPhase section */

/* Begin PBXSourcesBuildPhase section */
		B34F0EC92B7411F70014DEE3 /* Sources */ = {
			isa = PBXSourcesBuildPhase;
			buildActionMask = 2147483647;
			files = (
				B34F0F022B7435CF0014DEE3 /* DraggableSwatch.swift in Sources */,
				B34F0F042B743C9B0014DEE3 /* SwatchContainer.swift in Sources */,
				B34F0F002B7435B90014DEE3 /* SwatchView.swift in Sources */,
				B34F0EFB2B7434D30014DEE3 /* Swatch.swift in Sources */,
				B34F0F072B743D600014DEE3 /* SwatchViewModel.swift in Sources */,
				B34F0ED12B7411F70014DEE3 /* SwiftyHueMatchApp.swift in Sources */,
			);
			runOnlyForDeploymentPostprocessing = 0;
		};
		B34F0ED92B7411F90014DEE3 /* Sources */ = {
			isa = PBXSourcesBuildPhase;
			buildActionMask = 2147483647;
			files = (
				B34F0EE22B7411F90014DEE3 /* SwiftyHueMatchTests.swift in Sources */,
			);
			runOnlyForDeploymentPostprocessing = 0;
		};
		B34F0EE32B7411F90014DEE3 /* Sources */ = {
			isa = PBXSourcesBuildPhase;
			buildActionMask = 2147483647;
			files = (
				B34F0EEC2B7411F90014DEE3 /* SwiftyHueMatchUITests.swift in Sources */,
				B34F0EEE2B7411F90014DEE3 /* SwiftyHueMatchUITestsLaunchTests.swift in Sources */,
			);
			runOnlyForDeploymentPostprocessing = 0;
		};
/* End PBXSourcesBuildPhase section */

/* Begin PBXTargetDependency section */
		B34F0EDF2B7411F90014DEE3 /* PBXTargetDependency */ = {
			isa = PBXTargetDependency;
			target = B34F0ECC2B7411F70014DEE3 /* SwiftyHueMatch */;
			targetProxy = B34F0EDE2B7411F90014DEE3 /* PBXContainerItemProxy */;
		};
		B34F0EE92B7411F90014DEE3 /* PBXTargetDependency */ = {
			isa = PBXTargetDependency;
			target = B34F0ECC2B7411F70014DEE3 /* SwiftyHueMatch */;
			targetProxy = B34F0EE82B7411F90014DEE3 /* PBXContainerItemProxy */;
		};
/* End PBXTargetDependency section */

/* Begin XCBuildConfiguration section */
		B34F0EEF2B7411F90014DEE3 /* Debug */ = {
			isa = XCBuildConfiguration;
			buildSettings = {
				ALWAYS_SEARCH_USER_PATHS = NO;
				ASSETCATALOG_COMPILER_GENERATE_SWIFT_ASSET_SYMBOL_EXTENSIONS = YES;
				CLANG_ANALYZER_NONNULL = YES;
				CLANG_ANALYZER_NUMBER_OBJECT_CONVERSION = YES_AGGRESSIVE;
				CLANG_CXX_LANGUAGE_STANDARD = "gnu++20";
				CLANG_ENABLE_MODULES = YES;
				CLANG_ENABLE_OBJC_ARC = YES;
				CLANG_ENABLE_OBJC_WEAK = YES;
				CLANG_WARN_BLOCK_CAPTURE_AUTORELEASING = YES;
				CLANG_WARN_BOOL_CONVERSION = YES;
				CLANG_WARN_COMMA = YES;
				CLANG_WARN_CONSTANT_CONVERSION = YES;
				CLANG_WARN_DEPRECATED_OBJC_IMPLEMENTATIONS = YES;
				CLANG_WARN_DIRECT_OBJC_ISA_USAGE = YES_ERROR;
				CLANG_WARN_DOCUMENTATION_COMMENTS = YES;
				CLANG_WARN_EMPTY_BODY = YES;
				CLANG_WARN_ENUM_CONVERSION = YES;
				CLANG_WARN_INFINITE_RECURSION = YES;
				CLANG_WARN_INT_CONVERSION = YES;
				CLANG_WARN_NON_LITERAL_NULL_CONVERSION = YES;
				CLANG_WARN_OBJC_IMPLICIT_RETAIN_SELF = YES;
				CLANG_WARN_OBJC_LITERAL_CONVERSION = YES;
				CLANG_WARN_OBJC_ROOT_CLASS = YES_ERROR;
				CLANG_WARN_QUOTED_INCLUDE_IN_FRAMEWORK_HEADER = YES;
				CLANG_WARN_RANGE_LOOP_ANALYSIS = YES;
				CLANG_WARN_STRICT_PROTOTYPES = YES;
				CLANG_WARN_SUSPICIOUS_MOVE = YES;
				CLANG_WARN_UNGUARDED_AVAILABILITY = YES_AGGRESSIVE;
				CLANG_WARN_UNREACHABLE_CODE = YES;
				CLANG_WARN__DUPLICATE_METHOD_MATCH = YES;
				COPY_PHASE_STRIP = NO;
				DEBUG_INFORMATION_FORMAT = dwarf;
				ENABLE_STRICT_OBJC_MSGSEND = YES;
				ENABLE_TESTABILITY = YES;
				ENABLE_USER_SCRIPT_SANDBOXING = YES;
				GCC_C_LANGUAGE_STANDARD = gnu17;
				GCC_DYNAMIC_NO_PIC = NO;
				GCC_NO_COMMON_BLOCKS = YES;
				GCC_OPTIMIZATION_LEVEL = 0;
				GCC_PREPROCESSOR_DEFINITIONS = (
					"DEBUG=1",
					"$(inherited)",
				);
				GCC_WARN_64_TO_32_BIT_CONVERSION = YES;
				GCC_WARN_ABOUT_RETURN_TYPE = YES_ERROR;
				GCC_WARN_UNDECLARED_SELECTOR = YES;
				GCC_WARN_UNINITIALIZED_AUTOS = YES_AGGRESSIVE;
				GCC_WARN_UNUSED_FUNCTION = YES;
				GCC_WARN_UNUSED_VARIABLE = YES;
				IPHONEOS_DEPLOYMENT_TARGET = 17.2;
				LOCALIZATION_PREFERS_STRING_CATALOGS = YES;
				MTL_ENABLE_DEBUG_INFO = INCLUDE_SOURCE;
				MTL_FAST_MATH = YES;
				ONLY_ACTIVE_ARCH = YES;
				SDKROOT = iphoneos;
				SWIFT_ACTIVE_COMPILATION_CONDITIONS = "DEBUG $(inherited)";
				SWIFT_OPTIMIZATION_LEVEL = "-Onone";
			};
			name = Debug;
		};
		B34F0EF02B7411F90014DEE3 /* Release */ = {
			isa = XCBuildConfiguration;
			buildSettings = {
				ALWAYS_SEARCH_USER_PATHS = NO;
				ASSETCATALOG_COMPILER_GENERATE_SWIFT_ASSET_SYMBOL_EXTENSIONS = YES;
				CLANG_ANALYZER_NONNULL = YES;
				CLANG_ANALYZER_NUMBER_OBJECT_CONVERSION = YES_AGGRESSIVE;
				CLANG_CXX_LANGUAGE_STANDARD = "gnu++20";
				CLANG_ENABLE_MODULES = YES;
				CLANG_ENABLE_OBJC_ARC = YES;
				CLANG_ENABLE_OBJC_WEAK = YES;
				CLANG_WARN_BLOCK_CAPTURE_AUTORELEASING = YES;
				CLANG_WARN_BOOL_CONVERSION = YES;
				CLANG_WARN_COMMA = YES;
				CLANG_WARN_CONSTANT_CONVERSION = YES;
				CLANG_WARN_DEPRECATED_OBJC_IMPLEMENTATIONS = YES;
				CLANG_WARN_DIRECT_OBJC_ISA_USAGE = YES_ERROR;
				CLANG_WARN_DOCUMENTATION_COMMENTS = YES;
				CLANG_WARN_EMPTY_BODY = YES;
				CLANG_WARN_ENUM_CONVERSION = YES;
				CLANG_WARN_INFINITE_RECURSION = YES;
				CLANG_WARN_INT_CONVERSION = YES;
				CLANG_WARN_NON_LITERAL_NULL_CONVERSION = YES;
				CLANG_WARN_OBJC_IMPLICIT_RETAIN_SELF = YES;
				CLANG_WARN_OBJC_LITERAL_CONVERSION = YES;
				CLANG_WARN_OBJC_ROOT_CLASS = YES_ERROR;
				CLANG_WARN_QUOTED_INCLUDE_IN_FRAMEWORK_HEADER = YES;
				CLANG_WARN_RANGE_LOOP_ANALYSIS = YES;
				CLANG_WARN_STRICT_PROTOTYPES = YES;
				CLANG_WARN_SUSPICIOUS_MOVE = YES;
				CLANG_WARN_UNGUARDED_AVAILABILITY = YES_AGGRESSIVE;
				CLANG_WARN_UNREACHABLE_CODE = YES;
				CLANG_WARN__DUPLICATE_METHOD_MATCH = YES;
				COPY_PHASE_STRIP = NO;
				DEBUG_INFORMATION_FORMAT = "dwarf-with-dsym";
				ENABLE_NS_ASSERTIONS = NO;
				ENABLE_STRICT_OBJC_MSGSEND = YES;
				ENABLE_USER_SCRIPT_SANDBOXING = YES;
				GCC_C_LANGUAGE_STANDARD = gnu17;
				GCC_NO_COMMON_BLOCKS = YES;
				GCC_WARN_64_TO_32_BIT_CONVERSION = YES;
				GCC_WARN_ABOUT_RETURN_TYPE = YES_ERROR;
				GCC_WARN_UNDECLARED_SELECTOR = YES;
				GCC_WARN_UNINITIALIZED_AUTOS = YES_AGGRESSIVE;
				GCC_WARN_UNUSED_FUNCTION = YES;
				GCC_WARN_UNUSED_VARIABLE = YES;
				IPHONEOS_DEPLOYMENT_TARGET = 17.2;
				LOCALIZATION_PREFERS_STRING_CATALOGS = YES;
				MTL_ENABLE_DEBUG_INFO = NO;
				MTL_FAST_MATH = YES;
				SDKROOT = iphoneos;
				SWIFT_COMPILATION_MODE = wholemodule;
				VALIDATE_PRODUCT = YES;
			};
			name = Release;
		};
		B34F0EF22B7411F90014DEE3 /* Debug */ = {
			isa = XCBuildConfiguration;
			buildSettings = {
				ASSETCATALOG_COMPILER_APPICON_NAME = AppIcon;
				ASSETCATALOG_COMPILER_GLOBAL_ACCENT_COLOR_NAME = AccentColor;
				CODE_SIGN_STYLE = Automatic;
				CURRENT_PROJECT_VERSION = 1;
				DEVELOPMENT_ASSET_PATHS = "\"SwiftyHueMatch/Preview Content\"";
				DEVELOPMENT_TEAM = A43MNB4Y8U;
				ENABLE_PREVIEWS = YES;
				GENERATE_INFOPLIST_FILE = YES;
				INFOPLIST_KEY_UIApplicationSceneManifest_Generation = YES;
				INFOPLIST_KEY_UIApplicationSupportsIndirectInputEvents = YES;
				INFOPLIST_KEY_UILaunchScreen_Generation = YES;
				INFOPLIST_KEY_UISupportedInterfaceOrientations_iPad = "UIInterfaceOrientationPortrait UIInterfaceOrientationPortraitUpsideDown UIInterfaceOrientationLandscapeLeft UIInterfaceOrientationLandscapeRight";
				INFOPLIST_KEY_UISupportedInterfaceOrientations_iPhone = "UIInterfaceOrientationPortrait UIInterfaceOrientationLandscapeLeft UIInterfaceOrientationLandscapeRight";
				LD_RUNPATH_SEARCH_PATHS = (
					"$(inherited)",
					"@executable_path/Frameworks",
				);
				MARKETING_VERSION = 1.0;
				PRODUCT_BUNDLE_IDENTIFIER = com.theonlygnome.SwiftyHueMatch;
				PRODUCT_NAME = "$(TARGET_NAME)";
				SWIFT_EMIT_LOC_STRINGS = YES;
				SWIFT_VERSION = 5.0;
				TARGETED_DEVICE_FAMILY = "1,2";
			};
			name = Debug;
		};
		B34F0EF32B7411F90014DEE3 /* Release */ = {
			isa = XCBuildConfiguration;
			buildSettings = {
				ASSETCATALOG_COMPILER_APPICON_NAME = AppIcon;
				ASSETCATALOG_COMPILER_GLOBAL_ACCENT_COLOR_NAME = AccentColor;
				CODE_SIGN_STYLE = Automatic;
				CURRENT_PROJECT_VERSION = 1;
				DEVELOPMENT_ASSET_PATHS = "\"SwiftyHueMatch/Preview Content\"";
				DEVELOPMENT_TEAM = A43MNB4Y8U;
				ENABLE_PREVIEWS = YES;
				GENERATE_INFOPLIST_FILE = YES;
				INFOPLIST_KEY_UIApplicationSceneManifest_Generation = YES;
				INFOPLIST_KEY_UIApplicationSupportsIndirectInputEvents = YES;
				INFOPLIST_KEY_UILaunchScreen_Generation = YES;
				INFOPLIST_KEY_UISupportedInterfaceOrientations_iPad = "UIInterfaceOrientationPortrait UIInterfaceOrientationPortraitUpsideDown UIInterfaceOrientationLandscapeLeft UIInterfaceOrientationLandscapeRight";
				INFOPLIST_KEY_UISupportedInterfaceOrientations_iPhone = "UIInterfaceOrientationPortrait UIInterfaceOrientationLandscapeLeft UIInterfaceOrientationLandscapeRight";
				LD_RUNPATH_SEARCH_PATHS = (
					"$(inherited)",
					"@executable_path/Frameworks",
				);
				MARKETING_VERSION = 1.0;
				PRODUCT_BUNDLE_IDENTIFIER = com.theonlygnome.SwiftyHueMatch;
				PRODUCT_NAME = "$(TARGET_NAME)";
				SWIFT_EMIT_LOC_STRINGS = YES;
				SWIFT_VERSION = 5.0;
				TARGETED_DEVICE_FAMILY = "1,2";
			};
			name = Release;
		};
		B34F0EF52B7411F90014DEE3 /* Debug */ = {
			isa = XCBuildConfiguration;
			buildSettings = {
				ALWAYS_EMBED_SWIFT_STANDARD_LIBRARIES = YES;
				BUNDLE_LOADER = "$(TEST_HOST)";
				CODE_SIGN_STYLE = Automatic;
				CURRENT_PROJECT_VERSION = 1;
				DEVELOPMENT_TEAM = A43MNB4Y8U;
				GENERATE_INFOPLIST_FILE = YES;
				IPHONEOS_DEPLOYMENT_TARGET = 17.2;
				MARKETING_VERSION = 1.0;
				PRODUCT_BUNDLE_IDENTIFIER = com.theonlygnome.SwiftyHueMatchTests;
				PRODUCT_NAME = "$(TARGET_NAME)";
				SWIFT_EMIT_LOC_STRINGS = NO;
				SWIFT_VERSION = 5.0;
				TARGETED_DEVICE_FAMILY = "1,2";
				TEST_HOST = "$(BUILT_PRODUCTS_DIR)/SwiftyHueMatch.app/$(BUNDLE_EXECUTABLE_FOLDER_PATH)/SwiftyHueMatch";
			};
			name = Debug;
		};
		B34F0EF62B7411F90014DEE3 /* Release */ = {
			isa = XCBuildConfiguration;
			buildSettings = {
				ALWAYS_EMBED_SWIFT_STANDARD_LIBRARIES = YES;
				BUNDLE_LOADER = "$(TEST_HOST)";
				CODE_SIGN_STYLE = Automatic;
				CURRENT_PROJECT_VERSION = 1;
				DEVELOPMENT_TEAM = A43MNB4Y8U;
				GENERATE_INFOPLIST_FILE = YES;
				IPHONEOS_DEPLOYMENT_TARGET = 17.2;
				MARKETING_VERSION = 1.0;
				PRODUCT_BUNDLE_IDENTIFIER = com.theonlygnome.SwiftyHueMatchTests;
				PRODUCT_NAME = "$(TARGET_NAME)";
				SWIFT_EMIT_LOC_STRINGS = NO;
				SWIFT_VERSION = 5.0;
				TARGETED_DEVICE_FAMILY = "1,2";
				TEST_HOST = "$(BUILT_PRODUCTS_DIR)/SwiftyHueMatch.app/$(BUNDLE_EXECUTABLE_FOLDER_PATH)/SwiftyHueMatch";
			};
			name = Release;
		};
		B34F0EF82B7411F90014DEE3 /* Debug */ = {
			isa = XCBuildConfiguration;
			buildSettings = {
				ALWAYS_EMBED_SWIFT_STANDARD_LIBRARIES = YES;
				CODE_SIGN_STYLE = Automatic;
				CURRENT_PROJECT_VERSION = 1;
				DEVELOPMENT_TEAM = A43MNB4Y8U;
				GENERATE_INFOPLIST_FILE = YES;
				MARKETING_VERSION = 1.0;
				PRODUCT_BUNDLE_IDENTIFIER = com.theonlygnome.SwiftyHueMatchUITests;
				PRODUCT_NAME = "$(TARGET_NAME)";
				SWIFT_EMIT_LOC_STRINGS = NO;
				SWIFT_VERSION = 5.0;
				TARGETED_DEVICE_FAMILY = "1,2";
				TEST_TARGET_NAME = SwiftyHueMatch;
			};
			name = Debug;
		};
		B34F0EF92B7411F90014DEE3 /* Release */ = {
			isa = XCBuildConfiguration;
			buildSettings = {
				ALWAYS_EMBED_SWIFT_STANDARD_LIBRARIES = YES;
				CODE_SIGN_STYLE = Automatic;
				CURRENT_PROJECT_VERSION = 1;
				DEVELOPMENT_TEAM = A43MNB4Y8U;
				GENERATE_INFOPLIST_FILE = YES;
				MARKETING_VERSION = 1.0;
				PRODUCT_BUNDLE_IDENTIFIER = com.theonlygnome.SwiftyHueMatchUITests;
				PRODUCT_NAME = "$(TARGET_NAME)";
				SWIFT_EMIT_LOC_STRINGS = NO;
				SWIFT_VERSION = 5.0;
				TARGETED_DEVICE_FAMILY = "1,2";
				TEST_TARGET_NAME = SwiftyHueMatch;
			};
			name = Release;
		};
/* End XCBuildConfiguration section */

/* Begin XCConfigurationList section */
		B34F0EC82B7411F70014DEE3 /* Build configuration list for PBXProject "SwiftyHueMatch" */ = {
			isa = XCConfigurationList;
			buildConfigurations = (
				B34F0EEF2B7411F90014DEE3 /* Debug */,
				B34F0EF02B7411F90014DEE3 /* Release */,
			);
			defaultConfigurationIsVisible = 0;
			defaultConfigurationName = Release;
		};
		B34F0EF12B7411F90014DEE3 /* Build configuration list for PBXNativeTarget "SwiftyHueMatch" */ = {
			isa = XCConfigurationList;
			buildConfigurations = (
				B34F0EF22B7411F90014DEE3 /* Debug */,
				B34F0EF32B7411F90014DEE3 /* Release */,
			);
			defaultConfigurationIsVisible = 0;
			defaultConfigurationName = Release;
		};
		B34F0EF42B7411F90014DEE3 /* Build configuration list for PBXNativeTarget "SwiftyHueMatchTests" */ = {
			isa = XCConfigurationList;
			buildConfigurations = (
				B34F0EF52B7411F90014DEE3 /* Debug */,
				B34F0EF62B7411F90014DEE3 /* Release */,
			);
			defaultConfigurationIsVisible = 0;
			defaultConfigurationName = Release;
		};
		B34F0EF72B7411F90014DEE3 /* Build configuration list for PBXNativeTarget "SwiftyHueMatchUITests" */ = {
			isa = XCConfigurationList;
			buildConfigurations = (
				B34F0EF82B7411F90014DEE3 /* Debug */,
				B34F0EF92B7411F90014DEE3 /* Release */,
			);
			defaultConfigurationIsVisible = 0;
			defaultConfigurationName = Release;
		};
/* End XCConfigurationList section */
	};
	rootObject = B34F0EC52B7411F70014DEE3 /* Project object */;
}
